
Microsoft Visual Studio Solution File, Format Version 12.00
# Visual Studio 15
VisualStudioVersion = 15.0.27130.2026
MinimumVisualStudioVersion = 10.0.40219.1
Project("{FAE04EC0-301F-11D3-BF4B-00C04F79EFBC}") = "Paliondrome", "Paliondrome\Paliondrome.csproj", "{B9B9280E-3F5A-4876-96D9-BAA424F49615}"
EndProject
Global
	GlobalSection(SolutionConfigurationPlatforms) = preSolution
		Debug|Any CPU = Debug|Any CPU
		Release|Any CPU = Release|Any CPU
	EndGlobalSection
	GlobalSection(ProjectConfigurationPlatforms) = postSolution
		{B9B9280E-3F5A-4876-96D9-BAA424F49615}.Debug|Any CPU.ActiveCfg = Debug|Any CPU
		{B9B9280E-3F5A-4876-96D9-BAA424F49615}.Debug|Any CPU.Build.0 = Debug|Any CPU
		{B9B9280E-3F5A-4876-96D9-BAA424F49615}.Release|Any CPU.ActiveCfg = Release|Any CPU
		{B9B9280E-3F5A-4876-96D9-BAA424F49615}.Release|Any CPU.Build.0 = Release|Any CPU
	EndGlobalSection
	GlobalSection(SolutionProperties) = preSolution
		HideSolutionNode = FALSE
	EndGlobalSection
	GlobalSection(ExtensibilityGlobals) = postSolution
		SolutionGuid = {C20EAF3F-7DDA-4284-83E5-42661A94AF50}
	EndGlobalSection
EndGlobal
